
Microsoft Visual Studio Solution File, Format Version 12.00
# Visual Studio Version 16
VisualStudioVersion = 16.0.30907.101
MinimumVisualStudioVersion = 10.0.40219.1
Project("{FAE04EC0-301F-11D3-BF4B-00C04F79EFBC}") = "Logger", "Logger\Logger.csproj", "{A5B116EE-FB12-4E72-95E7-FF9B509557B9}"
EndProject
Global
	GlobalSection(SolutionConfigurationPlatforms) = preSolution
		Debug|Any CPU = Debug|Any CPU
		Release|Any CPU = Release|Any CPU
	EndGlobalSection
	GlobalSection(ProjectConfigurationPlatforms) = postSolution
		{A5B116EE-FB12-4E72-95E7-FF9B509557B9}.Debug|Any CPU.ActiveCfg = Debug|Any CPU
		{A5B116EE-FB12-4E72-95E7-FF9B509557B9}.Debug|Any CPU.Build.0 = Debug|Any CPU
		{A5B116EE-FB12-4E72-95E7-FF9B509557B9}.Release|Any CPU.ActiveCfg = Release|Any CPU
		{A5B116EE-FB12-4E72-95E7-FF9B509557B9}.Release|Any CPU.Build.0 = Release|Any CPU
	EndGlobalSection
	GlobalSection(SolutionProperties) = preSolution
		HideSolutionNode = FALSE
	EndGlobalSection
	GlobalSection(ExtensibilityGlobals) = postSolution
		SolutionGuid = {93220F25-0CBC-4911-9C01-980E214EA1C5}
	EndGlobalSection
EndGlobal
